// !$*UTF8*$!
{
	archiveVersion = 1;
	classes = {
	};
	objectVersion = 56;
	objects = {

/* Begin PBXBuildFile section */
		5B5F0B642B9A995A00554E2E /* debug.xcconfig in Resources */ = {isa = PBXBuildFile; fileRef = 5B7E25A92B9A043E001CA577 /* debug.xcconfig */; };
		5B5F0B652B9A995D00554E2E /* release.xcconfig in Resources */ = {isa = PBXBuildFile; fileRef = 5B7E25AA2B9A0463001CA577 /* release.xcconfig */; };
		5B5F0B6A2B9AE12700554E2E /* DateFormatManager.swift in Sources */ = {isa = PBXBuildFile; fileRef = 5B5F0B692B9AE12700554E2E /* DateFormatManager.swift */; };
		5B6886E52B9C3D8500B75DE5 /* DTOMapper.swift in Sources */ = {isa = PBXBuildFile; fileRef = 5B6886E42B9C3D8500B75DE5 /* DTOMapper.swift */; };
		5B6886E82B9C43A000B75DE5 /* SeoulAreaDTO.swift in Sources */ = {isa = PBXBuildFile; fileRef = 5B6886E72B9C43A000B75DE5 /* SeoulAreaDTO.swift */; };
		5B6886EB2B9C43CF00B75DE5 /* SeoulAreaDTOMapper.swift in Sources */ = {isa = PBXBuildFile; fileRef = 5B6886EA2B9C43CF00B75DE5 /* SeoulAreaDTOMapper.swift */; };
		5B6886F12B9C5B2900B75DE5 /* SnapKit in Frameworks */ = {isa = PBXBuildFile; productRef = 5B6886F02B9C5B2900B75DE5 /* SnapKit */; };
		5B6886F42B9C5B5500B75DE5 /* BaseViewController.swift in Sources */ = {isa = PBXBuildFile; fileRef = 5B6886F32B9C5B5500B75DE5 /* BaseViewController.swift */; };
		5B6886F72B9C5BCA00B75DE5 /* BaseViewConfigurable.swift in Sources */ = {isa = PBXBuildFile; fileRef = 5B6886F62B9C5BCA00B75DE5 /* BaseViewConfigurable.swift */; };
		5B6886F92B9C5BE600B75DE5 /* BaseComponentConfigurable.swift in Sources */ = {isa = PBXBuildFile; fileRef = 5B6886F82B9C5BE600B75DE5 /* BaseComponentConfigurable.swift */; };
		5B6886FC2B9C5C5700B75DE5 /* Then in Frameworks */ = {isa = PBXBuildFile; productRef = 5B6886FB2B9C5C5700B75DE5 /* Then */; };
		5B6886FE2B9C5CEA00B75DE5 /* BaseView.swift in Sources */ = {isa = PBXBuildFile; fileRef = 5B6886FD2B9C5CEA00B75DE5 /* BaseView.swift */; };
		5B6887012B9C5E6C00B75DE5 /* MapViewController.swift in Sources */ = {isa = PBXBuildFile; fileRef = 5B6887002B9C5E6C00B75DE5 /* MapViewController.swift */; };
		5B6887052B9C5EA700B75DE5 /* MapView.swift in Sources */ = {isa = PBXBuildFile; fileRef = 5B6887042B9C5EA700B75DE5 /* MapView.swift */; };
		5B7623402B9C36A900D503DD /* SeoulAreaEntity.swift in Sources */ = {isa = PBXBuildFile; fileRef = 5B76233F2B9C36A900D503DD /* SeoulAreaEntity.swift */; };
		5B7E25AC2B9A0667001CA577 /* AppConfiguration.swift in Sources */ = {isa = PBXBuildFile; fileRef = 5B7E25AB2B9A0667001CA577 /* AppConfiguration.swift */; };
		5B7E25AF2B9A0BAD001CA577 /* SeoulPublicAPIClient.swift in Sources */ = {isa = PBXBuildFile; fileRef = 5B7E25AE2B9A0BAD001CA577 /* SeoulPublicAPIClient.swift */; };
		5B7E25B22B9A122B001CA577 /* SeoulPopulationEntity.swift in Sources */ = {isa = PBXBuildFile; fileRef = 5B7E25B12B9A122B001CA577 /* SeoulPopulationEntity.swift */; };
		5B7E25B52B9A14E5001CA577 /* String+Extension.swift in Sources */ = {isa = PBXBuildFile; fileRef = 5B7E25B42B9A14E5001CA577 /* String+Extension.swift */; };
		5BCE6BEB2B9984F700FFE73E /* AppDelegate.swift in Sources */ = {isa = PBXBuildFile; fileRef = 5BCE6BEA2B9984F700FFE73E /* AppDelegate.swift */; };
		5BCE6BED2B9984F700FFE73E /* SceneDelegate.swift in Sources */ = {isa = PBXBuildFile; fileRef = 5BCE6BEC2B9984F700FFE73E /* SceneDelegate.swift */; };
		5BCE6BEF2B9984F700FFE73E /* ViewController.swift in Sources */ = {isa = PBXBuildFile; fileRef = 5BCE6BEE2B9984F700FFE73E /* ViewController.swift */; };
		5BCE6BF22B9984F700FFE73E /* Base in Resources */ = {isa = PBXBuildFile; fileRef = 5BCE6BF12B9984F700FFE73E /* Base */; };
		5BCE6BF42B9984F800FFE73E /* Assets.xcassets in Resources */ = {isa = PBXBuildFile; fileRef = 5BCE6BF32B9984F800FFE73E /* Assets.xcassets */; };
		5BCE6BF72B9984F800FFE73E /* Base in Resources */ = {isa = PBXBuildFile; fileRef = 5BCE6BF62B9984F800FFE73E /* Base */; };
		5BCE6C032B999EE800FFE73E /* .swiftlint.yml in Resources */ = {isa = PBXBuildFile; fileRef = 5BCE6C022B999EE800FFE73E /* .swiftlint.yml */; };
/* End PBXBuildFile section */

/* Begin PBXFileReference section */
		5B5F0B692B9AE12700554E2E /* DateFormatManager.swift */ = {isa = PBXFileReference; lastKnownFileType = sourcecode.swift; path = DateFormatManager.swift; sourceTree = "<group>"; };
		5B6886E42B9C3D8500B75DE5 /* DTOMapper.swift */ = {isa = PBXFileReference; lastKnownFileType = sourcecode.swift; path = DTOMapper.swift; sourceTree = "<group>"; };
		5B6886E72B9C43A000B75DE5 /* SeoulAreaDTO.swift */ = {isa = PBXFileReference; lastKnownFileType = sourcecode.swift; path = SeoulAreaDTO.swift; sourceTree = "<group>"; };
		5B6886EA2B9C43CF00B75DE5 /* SeoulAreaDTOMapper.swift */ = {isa = PBXFileReference; lastKnownFileType = sourcecode.swift; path = SeoulAreaDTOMapper.swift; sourceTree = "<group>"; };
		5B6886F32B9C5B5500B75DE5 /* BaseViewController.swift */ = {isa = PBXFileReference; lastKnownFileType = sourcecode.swift; path = BaseViewController.swift; sourceTree = "<group>"; };
		5B6886F62B9C5BCA00B75DE5 /* BaseViewConfigurable.swift */ = {isa = PBXFileReference; lastKnownFileType = sourcecode.swift; path = BaseViewConfigurable.swift; sourceTree = "<group>"; };
		5B6886F82B9C5BE600B75DE5 /* BaseComponentConfigurable.swift */ = {isa = PBXFileReference; lastKnownFileType = sourcecode.swift; path = BaseComponentConfigurable.swift; sourceTree = "<group>"; };
		5B6886FD2B9C5CEA00B75DE5 /* BaseView.swift */ = {isa = PBXFileReference; lastKnownFileType = sourcecode.swift; path = BaseView.swift; sourceTree = "<group>"; };
		5B6887002B9C5E6C00B75DE5 /* MapViewController.swift */ = {isa = PBXFileReference; lastKnownFileType = sourcecode.swift; path = MapViewController.swift; sourceTree = "<group>"; };
		5B6887042B9C5EA700B75DE5 /* MapView.swift */ = {isa = PBXFileReference; lastKnownFileType = sourcecode.swift; path = MapView.swift; sourceTree = "<group>"; };
		5B76233F2B9C36A900D503DD /* SeoulAreaEntity.swift */ = {isa = PBXFileReference; lastKnownFileType = sourcecode.swift; path = SeoulAreaEntity.swift; sourceTree = "<group>"; };
		5B7E25A92B9A043E001CA577 /* debug.xcconfig */ = {isa = PBXFileReference; lastKnownFileType = text.xcconfig; path = debug.xcconfig; sourceTree = "<group>"; };
		5B7E25AA2B9A0463001CA577 /* release.xcconfig */ = {isa = PBXFileReference; lastKnownFileType = text.xcconfig; path = release.xcconfig; sourceTree = "<group>"; };
		5B7E25AB2B9A0667001CA577 /* AppConfiguration.swift */ = {isa = PBXFileReference; lastKnownFileType = sourcecode.swift; path = AppConfiguration.swift; sourceTree = "<group>"; };
		5B7E25AE2B9A0BAD001CA577 /* SeoulPublicAPIClient.swift */ = {isa = PBXFileReference; lastKnownFileType = sourcecode.swift; path = SeoulPublicAPIClient.swift; sourceTree = "<group>"; };
		5B7E25B12B9A122B001CA577 /* SeoulPopulationEntity.swift */ = {isa = PBXFileReference; lastKnownFileType = sourcecode.swift; path = SeoulPopulationEntity.swift; sourceTree = "<group>"; };
		5B7E25B42B9A14E5001CA577 /* String+Extension.swift */ = {isa = PBXFileReference; lastKnownFileType = sourcecode.swift; path = "String+Extension.swift"; sourceTree = "<group>"; };
		5BCE6BE72B9984F700FFE73E /* NowSeoul_iOS.app */ = {isa = PBXFileReference; explicitFileType = wrapper.application; includeInIndex = 0; path = NowSeoul_iOS.app; sourceTree = BUILT_PRODUCTS_DIR; };
		5BCE6BEA2B9984F700FFE73E /* AppDelegate.swift */ = {isa = PBXFileReference; lastKnownFileType = sourcecode.swift; path = AppDelegate.swift; sourceTree = "<group>"; };
		5BCE6BEC2B9984F700FFE73E /* SceneDelegate.swift */ = {isa = PBXFileReference; lastKnownFileType = sourcecode.swift; path = SceneDelegate.swift; sourceTree = "<group>"; };
		5BCE6BEE2B9984F700FFE73E /* ViewController.swift */ = {isa = PBXFileReference; lastKnownFileType = sourcecode.swift; path = ViewController.swift; sourceTree = "<group>"; };
		5BCE6BF12B9984F700FFE73E /* Base */ = {isa = PBXFileReference; lastKnownFileType = file.storyboard; name = Base; path = Base.lproj/Main.storyboard; sourceTree = "<group>"; };
		5BCE6BF32B9984F800FFE73E /* Assets.xcassets */ = {isa = PBXFileReference; lastKnownFileType = folder.assetcatalog; path = Assets.xcassets; sourceTree = "<group>"; };
		5BCE6BF62B9984F800FFE73E /* Base */ = {isa = PBXFileReference; lastKnownFileType = file.storyboard; name = Base; path = Base.lproj/LaunchScreen.storyboard; sourceTree = "<group>"; };
		5BCE6BF82B9984F800FFE73E /* Info.plist */ = {isa = PBXFileReference; lastKnownFileType = text.plist.xml; path = Info.plist; sourceTree = "<group>"; };
		5BCE6C022B999EE800FFE73E /* .swiftlint.yml */ = {isa = PBXFileReference; lastKnownFileType = text.yaml; path = .swiftlint.yml; sourceTree = "<group>"; };
/* End PBXFileReference section */

/* Begin PBXFrameworksBuildPhase section */
		5BCE6BE42B9984F700FFE73E /* Frameworks */ = {
			isa = PBXFrameworksBuildPhase;
			buildActionMask = 2147483647;
			files = (
				5B6886F12B9C5B2900B75DE5 /* SnapKit in Frameworks */,
				5B6886FC2B9C5C5700B75DE5 /* Then in Frameworks */,
			);
			runOnlyForDeploymentPostprocessing = 0;
		};
/* End PBXFrameworksBuildPhase section */

/* Begin PBXGroup section */
		5B5F0B682B9AE11600554E2E /* Manager */ = {
			isa = PBXGroup;
			children = (
				5B5F0B692B9AE12700554E2E /* DateFormatManager.swift */,
			);
			path = Manager;
			sourceTree = "<group>";
		};
		5B5F0B6B2B9AEBD900554E2E /* Network */ = {
			isa = PBXGroup;
			children = (
				5B7E25AE2B9A0BAD001CA577 /* SeoulPublicAPIClient.swift */,
			);
			path = Network;
			sourceTree = "<group>";
		};
		5B6886DF2B9C3CB400B75DE5 /* Protocols */ = {
			isa = PBXGroup;
			children = (
				5B6886E42B9C3D8500B75DE5 /* DTOMapper.swift */,
			);
			path = Protocols;
			sourceTree = "<group>";
		};
		5B6886E62B9C438E00B75DE5 /* DTO */ = {
			isa = PBXGroup;
			children = (
				5B6886DF2B9C3CB400B75DE5 /* Protocols */,
				5B6886E72B9C43A000B75DE5 /* SeoulAreaDTO.swift */,
			);
			path = DTO;
			sourceTree = "<group>";
		};
		5B6886E92B9C43BE00B75DE5 /* Mapper */ = {
			isa = PBXGroup;
			children = (
				5B6886EA2B9C43CF00B75DE5 /* SeoulAreaDTOMapper.swift */,
			);
			path = Mapper;
			sourceTree = "<group>";
		};
		5B6886F22B9C5B4D00B75DE5 /* Base */ = {
			isa = PBXGroup;
			children = (
				5B6887062B9C5EDB00B75DE5 /* Extensions */,
				5B6886F52B9C5B5C00B75DE5 /* Protocols */,
				5B6886F32B9C5B5500B75DE5 /* BaseViewController.swift */,
				5B6886FD2B9C5CEA00B75DE5 /* BaseView.swift */,
			);
			path = Base;
			sourceTree = "<group>";
		};
		5B6886F52B9C5B5C00B75DE5 /* Protocols */ = {
			isa = PBXGroup;
			children = (
				5B6886F62B9C5BCA00B75DE5 /* BaseViewConfigurable.swift */,
				5B6886F82B9C5BE600B75DE5 /* BaseComponentConfigurable.swift */,
			);
			path = Protocols;
			sourceTree = "<group>";
		};
		5B6886FF2B9C5E5B00B75DE5 /* Presentation */ = {
			isa = PBXGroup;
			children = (
				5B6887022B9C5E7000B75DE5 /* MapScene */,
			);
			path = Presentation;
			sourceTree = "<group>";
		};
		5B6887022B9C5E7000B75DE5 /* MapScene */ = {
			isa = PBXGroup;
			children = (
				5B6887032B9C5E7700B75DE5 /* Map */,
			);
			path = MapScene;
			sourceTree = "<group>";
		};
		5B6887032B9C5E7700B75DE5 /* Map */ = {
			isa = PBXGroup;
			children = (
				5B6887002B9C5E6C00B75DE5 /* MapViewController.swift */,
				5B6887042B9C5EA700B75DE5 /* MapView.swift */,
			);
			path = Map;
			sourceTree = "<group>";
		};
		5B6887062B9C5EDB00B75DE5 /* Extensions */ = {
			isa = PBXGroup;
			children = (
			);
			path = Extensions;
			sourceTree = "<group>";
		};
		5B7E25B02B9A1219001CA577 /* Entities */ = {
			isa = PBXGroup;
			children = (
				5B6886E92B9C43BE00B75DE5 /* Mapper */,
				5B6886E62B9C438E00B75DE5 /* DTO */,
				5B7E25B12B9A122B001CA577 /* SeoulPopulationEntity.swift */,
				5B76233F2B9C36A900D503DD /* SeoulAreaEntity.swift */,
			);
			path = Entities;
			sourceTree = "<group>";
		};
		5B7E25B32B9A14DC001CA577 /* Extensions */ = {
			isa = PBXGroup;
			children = (
				5B7E25B42B9A14E5001CA577 /* String+Extension.swift */,
			);
			path = Extensions;
			sourceTree = "<group>";
		};
		5BCE6BDE2B9984F700FFE73E = {
			isa = PBXGroup;
			children = (
				5BCE6BE92B9984F700FFE73E /* NowSeoul_iOS */,
				5BCE6BE82B9984F700FFE73E /* Products */,
			);
			sourceTree = "<group>";
		};
		5BCE6BE82B9984F700FFE73E /* Products */ = {
			isa = PBXGroup;
			children = (
				5BCE6BE72B9984F700FFE73E /* NowSeoul_iOS.app */,
			);
			name = Products;
			sourceTree = "<group>";
		};
		5BCE6BE92B9984F700FFE73E /* NowSeoul_iOS */ = {
			isa = PBXGroup;
			children = (
				5B6886FF2B9C5E5B00B75DE5 /* Presentation */,
				5B6886F22B9C5B4D00B75DE5 /* Base */,
				5B5F0B6B2B9AEBD900554E2E /* Network */,
				5B5F0B682B9AE11600554E2E /* Manager */,
				5B7E25B32B9A14DC001CA577 /* Extensions */,
				5B7E25B02B9A1219001CA577 /* Entities */,
				5BCE6BEA2B9984F700FFE73E /* AppDelegate.swift */,
				5BCE6BEC2B9984F700FFE73E /* SceneDelegate.swift */,
				5BCE6BEE2B9984F700FFE73E /* ViewController.swift */,
				5B7E25AB2B9A0667001CA577 /* AppConfiguration.swift */,
				5BCE6C022B999EE800FFE73E /* .swiftlint.yml */,
				5BCE6BF02B9984F700FFE73E /* Main.storyboard */,
				5BCE6BF32B9984F800FFE73E /* Assets.xcassets */,
				5BCE6BF52B9984F800FFE73E /* LaunchScreen.storyboard */,
				5BCE6BF82B9984F800FFE73E /* Info.plist */,
				5B7E25A92B9A043E001CA577 /* debug.xcconfig */,
				5B7E25AA2B9A0463001CA577 /* release.xcconfig */,
			);
			path = NowSeoul_iOS;
			sourceTree = "<group>";
		};
/* End PBXGroup section */

/* Begin PBXNativeTarget section */
		5BCE6BE62B9984F700FFE73E /* NowSeoul_iOS */ = {
			isa = PBXNativeTarget;
			buildConfigurationList = 5BCE6BFB2B9984F800FFE73E /* Build configuration list for PBXNativeTarget "NowSeoul_iOS" */;
			buildPhases = (
				5BCE6C002B99996F00FFE73E /* SwiftLint Script */,
				5BCE6BE32B9984F700FFE73E /* Sources */,
				5BCE6BE42B9984F700FFE73E /* Frameworks */,
				5BCE6BE52B9984F700FFE73E /* Resources */,
			);
			buildRules = (
			);
			dependencies = (
			);
			name = NowSeoul_iOS;
			packageProductDependencies = (
				5B6886F02B9C5B2900B75DE5 /* SnapKit */,
				5B6886FB2B9C5C5700B75DE5 /* Then */,
			);
			productName = NowSeoul_iOS;
			productReference = 5BCE6BE72B9984F700FFE73E /* NowSeoul_iOS.app */;
			productType = "com.apple.product-type.application";
		};
/* End PBXNativeTarget section */

/* Begin PBXProject section */
		5BCE6BDF2B9984F700FFE73E /* Project object */ = {
			isa = PBXProject;
			attributes = {
				BuildIndependentTargetsInParallel = 1;
				LastSwiftUpdateCheck = 1530;
				LastUpgradeCheck = 1530;
				TargetAttributes = {
					5BCE6BE62B9984F700FFE73E = {
						CreatedOnToolsVersion = 15.3;
					};
				};
			};
			buildConfigurationList = 5BCE6BE22B9984F700FFE73E /* Build configuration list for PBXProject "NowSeoul_iOS" */;
			compatibilityVersion = "Xcode 14.0";
			developmentRegion = en;
			hasScannedForEncodings = 0;
			knownRegions = (
				en,
				Base,
			);
			mainGroup = 5BCE6BDE2B9984F700FFE73E;
			packageReferences = (
				5B6886EF2B9C5B2900B75DE5 /* XCRemoteSwiftPackageReference "SnapKit" */,
				5B6886FA2B9C5C5700B75DE5 /* XCRemoteSwiftPackageReference "Then" */,
			);
			productRefGroup = 5BCE6BE82B9984F700FFE73E /* Products */;
			projectDirPath = "";
			projectRoot = "";
			targets = (
				5BCE6BE62B9984F700FFE73E /* NowSeoul_iOS */,
			);
		};
/* End PBXProject section */

/* Begin PBXResourcesBuildPhase section */
		5BCE6BE52B9984F700FFE73E /* Resources */ = {
			isa = PBXResourcesBuildPhase;
			buildActionMask = 2147483647;
			files = (
				5B5F0B652B9A995D00554E2E /* release.xcconfig in Resources */,
				5BCE6C032B999EE800FFE73E /* .swiftlint.yml in Resources */,
				5BCE6BF42B9984F800FFE73E /* Assets.xcassets in Resources */,
				5BCE6BF72B9984F800FFE73E /* Base in Resources */,
				5B5F0B642B9A995A00554E2E /* debug.xcconfig in Resources */,
				5BCE6BF22B9984F700FFE73E /* Base in Resources */,
			);
			runOnlyForDeploymentPostprocessing = 0;
		};
/* End PBXResourcesBuildPhase section */

/* Begin PBXShellScriptBuildPhase section */
		5BCE6C002B99996F00FFE73E /* SwiftLint Script */ = {
			isa = PBXShellScriptBuildPhase;
			alwaysOutOfDate = 1;
			buildActionMask = 12;
			files = (
			);
			inputFileListPaths = (
			);
			inputPaths = (
			);
			name = "SwiftLint Script";
			outputFileListPaths = (
			);
			outputPaths = (
			);
			runOnlyForDeploymentPostprocessing = 0;
			shellPath = /bin/sh;
			shellScript = "if [[ \"$(uname -m)\" == arm64 ]]; then\n    export PATH=\"/opt/homebrew/bin:$PATH\"\nfi\n\nif which swiftlint > /dev/null; then\n  swiftlint --fix && swiftlint --autocorrect && swiftlint\nelse\n  echo \"warning: SwiftLint not installed, download from https://github.com/realm/SwiftLint\"\nfi\n";
		};
/* End PBXShellScriptBuildPhase section */

/* Begin PBXSourcesBuildPhase section */
		5BCE6BE32B9984F700FFE73E /* Sources */ = {
			isa = PBXSourcesBuildPhase;
			buildActionMask = 2147483647;
			files = (
				5B6886EB2B9C43CF00B75DE5 /* SeoulAreaDTOMapper.swift in Sources */,
				5B7E25AF2B9A0BAD001CA577 /* SeoulPublicAPIClient.swift in Sources */,
				5B7E25B52B9A14E5001CA577 /* String+Extension.swift in Sources */,
				5BCE6BEF2B9984F700FFE73E /* ViewController.swift in Sources */,
				5B6886E82B9C43A000B75DE5 /* SeoulAreaDTO.swift in Sources */,
				5B6886F42B9C5B5500B75DE5 /* BaseViewController.swift in Sources */,
				5B7623402B9C36A900D503DD /* SeoulAreaEntity.swift in Sources */,
				5B6887052B9C5EA700B75DE5 /* MapView.swift in Sources */,
				5B7623402B9C36A900D503DD /* SeoulAreaEntity.swift in Sources */,
				5B7E25B22B9A122B001CA577 /* SeoulPopulationEntity.swift in Sources */,
				5B6886F92B9C5BE600B75DE5 /* BaseComponentConfigurable.swift in Sources */,
				5B6886F72B9C5BCA00B75DE5 /* BaseViewConfigurable.swift in Sources */,
				5B5F0B6A2B9AE12700554E2E /* DateFormatManager.swift in Sources */,
				5BCE6BEB2B9984F700FFE73E /* AppDelegate.swift in Sources */,
				5B7E25AC2B9A0667001CA577 /* AppConfiguration.swift in Sources */,
				5BCE6BED2B9984F700FFE73E /* SceneDelegate.swift in Sources */,
				5B6886E52B9C3D8500B75DE5 /* DTOMapper.swift in Sources */,
				5B6886FE2B9C5CEA00B75DE5 /* BaseView.swift in Sources */,
				5B6887012B9C5E6C00B75DE5 /* MapViewController.swift in Sources */,
			);
			runOnlyForDeploymentPostprocessing = 0;
		};
/* End PBXSourcesBuildPhase section */

/* Begin PBXVariantGroup section */
		5BCE6BF02B9984F700FFE73E /* Main.storyboard */ = {
			isa = PBXVariantGroup;
			children = (
				5BCE6BF12B9984F700FFE73E /* Base */,
			);
			name = Main.storyboard;
			sourceTree = "<group>";
		};
		5BCE6BF52B9984F800FFE73E /* LaunchScreen.storyboard */ = {
			isa = PBXVariantGroup;
			children = (
				5BCE6BF62B9984F800FFE73E /* Base */,
			);
			name = LaunchScreen.storyboard;
			sourceTree = "<group>";
		};
/* End PBXVariantGroup section */

/* Begin XCBuildConfiguration section */
		5BCE6BF92B9984F800FFE73E /* Debug */ = {
			isa = XCBuildConfiguration;
			baseConfigurationReference = 5B7E25A92B9A043E001CA577 /* debug.xcconfig */;
			buildSettings = {
				ALWAYS_SEARCH_USER_PATHS = NO;
				ASSETCATALOG_COMPILER_GENERATE_SWIFT_ASSET_SYMBOL_EXTENSIONS = YES;
				CLANG_ANALYZER_NONNULL = YES;
				CLANG_ANALYZER_NUMBER_OBJECT_CONVERSION = YES_AGGRESSIVE;
				CLANG_CXX_LANGUAGE_STANDARD = "gnu++20";
				CLANG_ENABLE_MODULES = YES;
				CLANG_ENABLE_OBJC_ARC = YES;
				CLANG_ENABLE_OBJC_WEAK = YES;
				CLANG_WARN_BLOCK_CAPTURE_AUTORELEASING = YES;
				CLANG_WARN_BOOL_CONVERSION = YES;
				CLANG_WARN_COMMA = YES;
				CLANG_WARN_CONSTANT_CONVERSION = YES;
				CLANG_WARN_DEPRECATED_OBJC_IMPLEMENTATIONS = YES;
				CLANG_WARN_DIRECT_OBJC_ISA_USAGE = YES_ERROR;
				CLANG_WARN_DOCUMENTATION_COMMENTS = YES;
				CLANG_WARN_EMPTY_BODY = YES;
				CLANG_WARN_ENUM_CONVERSION = YES;
				CLANG_WARN_INFINITE_RECURSION = YES;
				CLANG_WARN_INT_CONVERSION = YES;
				CLANG_WARN_NON_LITERAL_NULL_CONVERSION = YES;
				CLANG_WARN_OBJC_IMPLICIT_RETAIN_SELF = YES;
				CLANG_WARN_OBJC_LITERAL_CONVERSION = YES;
				CLANG_WARN_OBJC_ROOT_CLASS = YES_ERROR;
				CLANG_WARN_QUOTED_INCLUDE_IN_FRAMEWORK_HEADER = YES;
				CLANG_WARN_RANGE_LOOP_ANALYSIS = YES;
				CLANG_WARN_STRICT_PROTOTYPES = YES;
				CLANG_WARN_SUSPICIOUS_MOVE = YES;
				CLANG_WARN_UNGUARDED_AVAILABILITY = YES_AGGRESSIVE;
				CLANG_WARN_UNREACHABLE_CODE = YES;
				CLANG_WARN__DUPLICATE_METHOD_MATCH = YES;
				COPY_PHASE_STRIP = NO;
				DEBUG_INFORMATION_FORMAT = dwarf;
				ENABLE_STRICT_OBJC_MSGSEND = YES;
				ENABLE_TESTABILITY = YES;
				ENABLE_USER_SCRIPT_SANDBOXING = NO;
				GCC_C_LANGUAGE_STANDARD = gnu17;
				GCC_DYNAMIC_NO_PIC = NO;
				GCC_NO_COMMON_BLOCKS = YES;
				GCC_OPTIMIZATION_LEVEL = 0;
				GCC_PREPROCESSOR_DEFINITIONS = (
					"DEBUG=1",
					"$(inherited)",
				);
				GCC_WARN_64_TO_32_BIT_CONVERSION = YES;
				GCC_WARN_ABOUT_RETURN_TYPE = YES_ERROR;
				GCC_WARN_UNDECLARED_SELECTOR = YES;
				GCC_WARN_UNINITIALIZED_AUTOS = YES_AGGRESSIVE;
				GCC_WARN_UNUSED_FUNCTION = YES;
				GCC_WARN_UNUSED_VARIABLE = YES;
				IPHONEOS_DEPLOYMENT_TARGET = 15.0;
				LOCALIZATION_PREFERS_STRING_CATALOGS = YES;
				MTL_ENABLE_DEBUG_INFO = INCLUDE_SOURCE;
				MTL_FAST_MATH = YES;
				ONLY_ACTIVE_ARCH = YES;
				SDKROOT = iphoneos;
				SWIFT_ACTIVE_COMPILATION_CONDITIONS = "DEBUG $(inherited)";
				SWIFT_OPTIMIZATION_LEVEL = "-Onone";
			};
			name = Debug;
		};
		5BCE6BFA2B9984F800FFE73E /* Release */ = {
			isa = XCBuildConfiguration;
			baseConfigurationReference = 5B7E25AA2B9A0463001CA577 /* release.xcconfig */;
			buildSettings = {
				ALWAYS_SEARCH_USER_PATHS = NO;
				ASSETCATALOG_COMPILER_GENERATE_SWIFT_ASSET_SYMBOL_EXTENSIONS = YES;
				CLANG_ANALYZER_NONNULL = YES;
				CLANG_ANALYZER_NUMBER_OBJECT_CONVERSION = YES_AGGRESSIVE;
				CLANG_CXX_LANGUAGE_STANDARD = "gnu++20";
				CLANG_ENABLE_MODULES = YES;
				CLANG_ENABLE_OBJC_ARC = YES;
				CLANG_ENABLE_OBJC_WEAK = YES;
				CLANG_WARN_BLOCK_CAPTURE_AUTORELEASING = YES;
				CLANG_WARN_BOOL_CONVERSION = YES;
				CLANG_WARN_COMMA = YES;
				CLANG_WARN_CONSTANT_CONVERSION = YES;
				CLANG_WARN_DEPRECATED_OBJC_IMPLEMENTATIONS = YES;
				CLANG_WARN_DIRECT_OBJC_ISA_USAGE = YES_ERROR;
				CLANG_WARN_DOCUMENTATION_COMMENTS = YES;
				CLANG_WARN_EMPTY_BODY = YES;
				CLANG_WARN_ENUM_CONVERSION = YES;
				CLANG_WARN_INFINITE_RECURSION = YES;
				CLANG_WARN_INT_CONVERSION = YES;
				CLANG_WARN_NON_LITERAL_NULL_CONVERSION = YES;
				CLANG_WARN_OBJC_IMPLICIT_RETAIN_SELF = YES;
				CLANG_WARN_OBJC_LITERAL_CONVERSION = YES;
				CLANG_WARN_OBJC_ROOT_CLASS = YES_ERROR;
				CLANG_WARN_QUOTED_INCLUDE_IN_FRAMEWORK_HEADER = YES;
				CLANG_WARN_RANGE_LOOP_ANALYSIS = YES;
				CLANG_WARN_STRICT_PROTOTYPES = YES;
				CLANG_WARN_SUSPICIOUS_MOVE = YES;
				CLANG_WARN_UNGUARDED_AVAILABILITY = YES_AGGRESSIVE;
				CLANG_WARN_UNREACHABLE_CODE = YES;
				CLANG_WARN__DUPLICATE_METHOD_MATCH = YES;
				COPY_PHASE_STRIP = NO;
				DEBUG_INFORMATION_FORMAT = "dwarf-with-dsym";
				ENABLE_NS_ASSERTIONS = NO;
				ENABLE_STRICT_OBJC_MSGSEND = YES;
				ENABLE_USER_SCRIPT_SANDBOXING = NO;
				GCC_C_LANGUAGE_STANDARD = gnu17;
				GCC_NO_COMMON_BLOCKS = YES;
				GCC_WARN_64_TO_32_BIT_CONVERSION = YES;
				GCC_WARN_ABOUT_RETURN_TYPE = YES_ERROR;
				GCC_WARN_UNDECLARED_SELECTOR = YES;
				GCC_WARN_UNINITIALIZED_AUTOS = YES_AGGRESSIVE;
				GCC_WARN_UNUSED_FUNCTION = YES;
				GCC_WARN_UNUSED_VARIABLE = YES;
				IPHONEOS_DEPLOYMENT_TARGET = 15.0;
				LOCALIZATION_PREFERS_STRING_CATALOGS = YES;
				MTL_ENABLE_DEBUG_INFO = NO;
				MTL_FAST_MATH = YES;
				SDKROOT = iphoneos;
				SWIFT_COMPILATION_MODE = wholemodule;
				VALIDATE_PRODUCT = YES;
			};
			name = Release;
		};
		5BCE6BFC2B9984F800FFE73E /* Debug */ = {
			isa = XCBuildConfiguration;
			baseConfigurationReference = 5B7E25A92B9A043E001CA577 /* debug.xcconfig */;
			buildSettings = {
				ASSETCATALOG_COMPILER_APPICON_NAME = AppIcon;
				ASSETCATALOG_COMPILER_GLOBAL_ACCENT_COLOR_NAME = AccentColor;
				CODE_SIGN_STYLE = Automatic;
				CURRENT_PROJECT_VERSION = 1;
				DEVELOPMENT_TEAM = KLQU7UH9UP;
				GENERATE_INFOPLIST_FILE = YES;
				INFOPLIST_FILE = NowSeoul_iOS/Info.plist;
				INFOPLIST_KEY_UIApplicationSupportsIndirectInputEvents = YES;
				INFOPLIST_KEY_UILaunchStoryboardName = LaunchScreen;
				INFOPLIST_KEY_UIMainStoryboardFile = Main;
				INFOPLIST_KEY_UISupportedInterfaceOrientations_iPad = "UIInterfaceOrientationPortrait UIInterfaceOrientationPortraitUpsideDown UIInterfaceOrientationLandscapeLeft UIInterfaceOrientationLandscapeRight";
				INFOPLIST_KEY_UISupportedInterfaceOrientations_iPhone = "UIInterfaceOrientationPortrait UIInterfaceOrientationLandscapeLeft UIInterfaceOrientationLandscapeRight";
				IPHONEOS_DEPLOYMENT_TARGET = 15.0;
				LD_RUNPATH_SEARCH_PATHS = (
					"$(inherited)",
					"@executable_path/Frameworks",
				);
				MARKETING_VERSION = 1.0;
				PRODUCT_BUNDLE_IDENTIFIER = "com.jeonghi.NowSeoul-iOS";
				PRODUCT_NAME = "$(TARGET_NAME)";
				SWIFT_EMIT_LOC_STRINGS = YES;
				SWIFT_VERSION = 5.0;
				TARGETED_DEVICE_FAMILY = "1,2";
			};
			name = Debug;
		};
		5BCE6BFD2B9984F800FFE73E /* Release */ = {
			isa = XCBuildConfiguration;
			baseConfigurationReference = 5B7E25AA2B9A0463001CA577 /* release.xcconfig */;
			buildSettings = {
				ASSETCATALOG_COMPILER_APPICON_NAME = AppIcon;
				ASSETCATALOG_COMPILER_GLOBAL_ACCENT_COLOR_NAME = AccentColor;
				CODE_SIGN_STYLE = Automatic;
				CURRENT_PROJECT_VERSION = 1;
				DEVELOPMENT_TEAM = KLQU7UH9UP;
				GENERATE_INFOPLIST_FILE = YES;
				INFOPLIST_FILE = NowSeoul_iOS/Info.plist;
				INFOPLIST_KEY_UIApplicationSupportsIndirectInputEvents = YES;
				INFOPLIST_KEY_UILaunchStoryboardName = LaunchScreen;
				INFOPLIST_KEY_UIMainStoryboardFile = Main;
				INFOPLIST_KEY_UISupportedInterfaceOrientations_iPad = "UIInterfaceOrientationPortrait UIInterfaceOrientationPortraitUpsideDown UIInterfaceOrientationLandscapeLeft UIInterfaceOrientationLandscapeRight";
				INFOPLIST_KEY_UISupportedInterfaceOrientations_iPhone = "UIInterfaceOrientationPortrait UIInterfaceOrientationLandscapeLeft UIInterfaceOrientationLandscapeRight";
				IPHONEOS_DEPLOYMENT_TARGET = 15.0;
				LD_RUNPATH_SEARCH_PATHS = (
					"$(inherited)",
					"@executable_path/Frameworks",
				);
				MARKETING_VERSION = 1.0;
				PRODUCT_BUNDLE_IDENTIFIER = "com.jeonghi.NowSeoul-iOS";
				PRODUCT_NAME = "$(TARGET_NAME)";
				SWIFT_EMIT_LOC_STRINGS = YES;
				SWIFT_VERSION = 5.0;
				TARGETED_DEVICE_FAMILY = "1,2";
			};
			name = Release;
		};
/* End XCBuildConfiguration section */

/* Begin XCConfigurationList section */
		5BCE6BE22B9984F700FFE73E /* Build configuration list for PBXProject "NowSeoul_iOS" */ = {
			isa = XCConfigurationList;
			buildConfigurations = (
				5BCE6BF92B9984F800FFE73E /* Debug */,
				5BCE6BFA2B9984F800FFE73E /* Release */,
			);
			defaultConfigurationIsVisible = 0;
			defaultConfigurationName = Debug;
		};
		5BCE6BFB2B9984F800FFE73E /* Build configuration list for PBXNativeTarget "NowSeoul_iOS" */ = {
			isa = XCConfigurationList;
			buildConfigurations = (
				5BCE6BFC2B9984F800FFE73E /* Debug */,
				5BCE6BFD2B9984F800FFE73E /* Release */,
			);
			defaultConfigurationIsVisible = 0;
			defaultConfigurationName = Debug;
		};
/* End XCConfigurationList section */

/* Begin XCRemoteSwiftPackageReference section */
		5B6886EF2B9C5B2900B75DE5 /* XCRemoteSwiftPackageReference "SnapKit" */ = {
			isa = XCRemoteSwiftPackageReference;
			repositoryURL = "https://github.com/SnapKit/SnapKit.git";
			requirement = {
				kind = exactVersion;
				version = 5.7.1;
			};
		};
		5B6886FA2B9C5C5700B75DE5 /* XCRemoteSwiftPackageReference "Then" */ = {
			isa = XCRemoteSwiftPackageReference;
			repositoryURL = "https://github.com/devxoul/Then";
			requirement = {
				kind = exactVersion;
				version = 3.0.0;
			};
		};
/* End XCRemoteSwiftPackageReference section */

/* Begin XCSwiftPackageProductDependency section */
		5B6886F02B9C5B2900B75DE5 /* SnapKit */ = {
			isa = XCSwiftPackageProductDependency;
			package = 5B6886EF2B9C5B2900B75DE5 /* XCRemoteSwiftPackageReference "SnapKit" */;
			productName = SnapKit;
		};
		5B6886FB2B9C5C5700B75DE5 /* Then */ = {
			isa = XCSwiftPackageProductDependency;
			package = 5B6886FA2B9C5C5700B75DE5 /* XCRemoteSwiftPackageReference "Then" */;
			productName = Then;
		};
/* End XCSwiftPackageProductDependency section */
	};
	rootObject = 5BCE6BDF2B9984F700FFE73E /* Project object */;
}
